// !$*UTF8*$!
{
	archiveVersion = 1;
	classes = {
	};
	objectVersion = 46;
	objects = {

/* Begin PBXBuildFile section */
		2941F48E1C8801C0008D2502 /* LLMapView.m in Sources */ = {isa = PBXBuildFile; fileRef = 2941F48D1C8801C0008D2502 /* LLMapView.m */; };
		29640FF81C6648B50025DEB0 /* main.m in Sources */ = {isa = PBXBuildFile; fileRef = 29640FF71C6648B50025DEB0 /* main.m */; };
		29640FFB1C6648B50025DEB0 /* AppDelegate.m in Sources */ = {isa = PBXBuildFile; fileRef = 29640FFA1C6648B50025DEB0 /* AppDelegate.m */; };
		29640FFE1C6648B50025DEB0 /* ViewController.m in Sources */ = {isa = PBXBuildFile; fileRef = 29640FFD1C6648B50025DEB0 /* ViewController.m */; };
		296410011C6648B50025DEB0 /* Main.storyboard in Resources */ = {isa = PBXBuildFile; fileRef = 29640FFF1C6648B50025DEB0 /* Main.storyboard */; };
		296410031C6648B50025DEB0 /* Assets.xcassets in Resources */ = {isa = PBXBuildFile; fileRef = 296410021C6648B50025DEB0 /* Assets.xcassets */; };
		296410061C6648B50025DEB0 /* LaunchScreen.storyboard in Resources */ = {isa = PBXBuildFile; fileRef = 296410041C6648B50025DEB0 /* LaunchScreen.storyboard */; };
		296410111C6648B50025DEB0 /* toolsTests.m in Sources */ = {isa = PBXBuildFile; fileRef = 296410101C6648B50025DEB0 /* toolsTests.m */; };
		2964101C1C6648B50025DEB0 /* toolsUITests.m in Sources */ = {isa = PBXBuildFile; fileRef = 2964101B1C6648B50025DEB0 /* toolsUITests.m */; };
		2964104B1C71CF4D0025DEB0 /* AMapSearchKit.framework in Frameworks */ = {isa = PBXBuildFile; fileRef = 296410471C71CF4D0025DEB0 /* AMapSearchKit.framework */; };
		2964104D1C71CF4D0025DEB0 /* MAMapKit.framework in Frameworks */ = {isa = PBXBuildFile; fileRef = 296410491C71CF4D0025DEB0 /* MAMapKit.framework */; };
		296410511C71CFA80025DEB0 /* AMap_iOS_Cloud_API_Data.csv in Resources */ = {isa = PBXBuildFile; fileRef = 296410501C71CFA80025DEB0 /* AMap_iOS_Cloud_API_Data.csv */; };
		296410531C71DE120025DEB0 /* AMap.bundle in Resources */ = {isa = PBXBuildFile; fileRef = 296410521C71DE120025DEB0 /* AMap.bundle */; };
		296410551C71DE5A0025DEB0 /* UIKit.framework in Frameworks */ = {isa = PBXBuildFile; fileRef = 296410541C71DE5A0025DEB0 /* UIKit.framework */; };
		296410571C71DE640025DEB0 /* Foundation.framework in Frameworks */ = {isa = PBXBuildFile; fileRef = 296410561C71DE640025DEB0 /* Foundation.framework */; };
		296410591C71DE6D0025DEB0 /* CoreGraphics.framework in Frameworks */ = {isa = PBXBuildFile; fileRef = 296410581C71DE6D0025DEB0 /* CoreGraphics.framework */; };
		2964105B1C71DE770025DEB0 /* QuartzCore.framework in Frameworks */ = {isa = PBXBuildFile; fileRef = 2964105A1C71DE770025DEB0 /* QuartzCore.framework */; };
		2964105D1C71DE820025DEB0 /* OpenGLES.framework in Frameworks */ = {isa = PBXBuildFile; fileRef = 2964105C1C71DE820025DEB0 /* OpenGLES.framework */; };
		2964105F1C71DE890025DEB0 /* CoreLocation.framework in Frameworks */ = {isa = PBXBuildFile; fileRef = 2964105E1C71DE890025DEB0 /* CoreLocation.framework */; };
		296410611C71DE920025DEB0 /* CoreTelephony.framework in Frameworks */ = {isa = PBXBuildFile; fileRef = 296410601C71DE920025DEB0 /* CoreTelephony.framework */; };
		296410631C71DE9E0025DEB0 /* SystemConfiguration.framework in Frameworks */ = {isa = PBXBuildFile; fileRef = 296410621C71DE9E0025DEB0 /* SystemConfiguration.framework */; };
		296410651C71DED00025DEB0 /* libz.tbd in Frameworks */ = {isa = PBXBuildFile; fileRef = 296410641C71DED00025DEB0 /* libz.tbd */; };
		296410671C71DEDA0025DEB0 /* libstdc++.6.0.9.tbd in Frameworks */ = {isa = PBXBuildFile; fileRef = 296410661C71DEDA0025DEB0 /* libstdc++.6.0.9.tbd */; };
		296410691C71DEE40025DEB0 /* libc++.tbd in Frameworks */ = {isa = PBXBuildFile; fileRef = 296410681C71DEE40025DEB0 /* libc++.tbd */; };
		2964106B1C71DEEC0025DEB0 /* Security.framework in Frameworks */ = {isa = PBXBuildFile; fileRef = 2964106A1C71DEEC0025DEB0 /* Security.framework */; };
/* End PBXBuildFile section */

/* Begin PBXContainerItemProxy section */
		2964100D1C6648B50025DEB0 /* PBXContainerItemProxy */ = {
			isa = PBXContainerItemProxy;
			containerPortal = 29640FEB1C6648B50025DEB0 /* Project object */;
			proxyType = 1;
			remoteGlobalIDString = 29640FF21C6648B50025DEB0;
			remoteInfo = tools;
		};
		296410181C6648B50025DEB0 /* PBXContainerItemProxy */ = {
			isa = PBXContainerItemProxy;
			containerPortal = 29640FEB1C6648B50025DEB0 /* Project object */;
			proxyType = 1;
			remoteGlobalIDString = 29640FF21C6648B50025DEB0;
			remoteInfo = tools;
		};
/* End PBXContainerItemProxy section */

/* Begin PBXFileReference section */
		2941F48C1C8801C0008D2502 /* LLMapView.h */ = {isa = PBXFileReference; fileEncoding = 4; lastKnownFileType = sourcecode.c.h; path = LLMapView.h; sourceTree = "<group>"; };
		2941F48D1C8801C0008D2502 /* LLMapView.m */ = {isa = PBXFileReference; fileEncoding = 4; lastKnownFileType = sourcecode.c.objc; path = LLMapView.m; sourceTree = "<group>"; };
		29640FF31C6648B50025DEB0 /* tools.app */ = {isa = PBXFileReference; explicitFileType = wrapper.application; includeInIndex = 0; path = tools.app; sourceTree = BUILT_PRODUCTS_DIR; };
		29640FF71C6648B50025DEB0 /* main.m */ = {isa = PBXFileReference; lastKnownFileType = sourcecode.c.objc; path = main.m; sourceTree = "<group>"; };
		29640FF91C6648B50025DEB0 /* AppDelegate.h */ = {isa = PBXFileReference; lastKnownFileType = sourcecode.c.h; path = AppDelegate.h; sourceTree = "<group>"; };
		29640FFA1C6648B50025DEB0 /* AppDelegate.m */ = {isa = PBXFileReference; lastKnownFileType = sourcecode.c.objc; path = AppDelegate.m; sourceTree = "<group>"; };
		29640FFC1C6648B50025DEB0 /* ViewController.h */ = {isa = PBXFileReference; lastKnownFileType = sourcecode.c.h; path = ViewController.h; sourceTree = "<group>"; };
		29640FFD1C6648B50025DEB0 /* ViewController.m */ = {isa = PBXFileReference; lastKnownFileType = sourcecode.c.objc; path = ViewController.m; sourceTree = "<group>"; };
		296410001C6648B50025DEB0 /* Base */ = {isa = PBXFileReference; lastKnownFileType = file.storyboard; name = Base; path = Base.lproj/Main.storyboard; sourceTree = "<group>"; };
		296410021C6648B50025DEB0 /* Assets.xcassets */ = {isa = PBXFileReference; lastKnownFileType = folder.assetcatalog; path = Assets.xcassets; sourceTree = "<group>"; };
		296410051C6648B50025DEB0 /* Base */ = {isa = PBXFileReference; lastKnownFileType = file.storyboard; name = Base; path = Base.lproj/LaunchScreen.storyboard; sourceTree = "<group>"; };
		296410071C6648B50025DEB0 /* Info.plist */ = {isa = PBXFileReference; lastKnownFileType = text.plist.xml; path = Info.plist; sourceTree = "<group>"; };
		2964100C1C6648B50025DEB0 /* toolsTests.xctest */ = {isa = PBXFileReference; explicitFileType = wrapper.cfbundle; includeInIndex = 0; path = toolsTests.xctest; sourceTree = BUILT_PRODUCTS_DIR; };
		296410101C6648B50025DEB0 /* toolsTests.m */ = {isa = PBXFileReference; lastKnownFileType = sourcecode.c.objc; path = toolsTests.m; sourceTree = "<group>"; };
		296410121C6648B50025DEB0 /* Info.plist */ = {isa = PBXFileReference; lastKnownFileType = text.plist.xml; path = Info.plist; sourceTree = "<group>"; };
		296410171C6648B50025DEB0 /* toolsUITests.xctest */ = {isa = PBXFileReference; explicitFileType = wrapper.cfbundle; includeInIndex = 0; path = toolsUITests.xctest; sourceTree = BUILT_PRODUCTS_DIR; };
		2964101B1C6648B50025DEB0 /* toolsUITests.m */ = {isa = PBXFileReference; lastKnownFileType = sourcecode.c.objc; path = toolsUITests.m; sourceTree = "<group>"; };
		2964101D1C6648B50025DEB0 /* Info.plist */ = {isa = PBXFileReference; lastKnownFileType = text.plist.xml; path = Info.plist; sourceTree = "<group>"; };
		296410471C71CF4D0025DEB0 /* AMapSearchKit.framework */ = {isa = PBXFileReference; lastKnownFileType = wrapper.framework; path = AMapSearchKit.framework; sourceTree = "<group>"; };
		296410491C71CF4D0025DEB0 /* MAMapKit.framework */ = {isa = PBXFileReference; lastKnownFileType = wrapper.framework; path = MAMapKit.framework; sourceTree = "<group>"; };
		296410501C71CFA80025DEB0 /* AMap_iOS_Cloud_API_Data.csv */ = {isa = PBXFileReference; fileEncoding = 4; lastKnownFileType = text; path = AMap_iOS_Cloud_API_Data.csv; sourceTree = "<group>"; };
		296410521C71DE120025DEB0 /* AMap.bundle */ = {isa = PBXFileReference; lastKnownFileType = "wrapper.plug-in"; name = AMap.bundle; path = MAMapKit.framework/AMap.bundle; sourceTree = "<group>"; };
		296410541C71DE5A0025DEB0 /* UIKit.framework */ = {isa = PBXFileReference; lastKnownFileType = wrapper.framework; name = UIKit.framework; path = System/Library/Frameworks/UIKit.framework; sourceTree = SDKROOT; };
		296410561C71DE640025DEB0 /* Foundation.framework */ = {isa = PBXFileReference; lastKnownFileType = wrapper.framework; name = Foundation.framework; path = System/Library/Frameworks/Foundation.framework; sourceTree = SDKROOT; };
		296410581C71DE6D0025DEB0 /* CoreGraphics.framework */ = {isa = PBXFileReference; lastKnownFileType = wrapper.framework; name = CoreGraphics.framework; path = System/Library/Frameworks/CoreGraphics.framework; sourceTree = SDKROOT; };
		2964105A1C71DE770025DEB0 /* QuartzCore.framework */ = {isa = PBXFileReference; lastKnownFileType = wrapper.framework; name = QuartzCore.framework; path = System/Library/Frameworks/QuartzCore.framework; sourceTree = SDKROOT; };
		2964105C1C71DE820025DEB0 /* OpenGLES.framework */ = {isa = PBXFileReference; lastKnownFileType = wrapper.framework; name = OpenGLES.framework; path = System/Library/Frameworks/OpenGLES.framework; sourceTree = SDKROOT; };
		2964105E1C71DE890025DEB0 /* CoreLocation.framework */ = {isa = PBXFileReference; lastKnownFileType = wrapper.framework; name = CoreLocation.framework; path = System/Library/Frameworks/CoreLocation.framework; sourceTree = SDKROOT; };
		296410601C71DE920025DEB0 /* CoreTelephony.framework */ = {isa = PBXFileReference; lastKnownFileType = wrapper.framework; name = CoreTelephony.framework; path = System/Library/Frameworks/CoreTelephony.framework; sourceTree = SDKROOT; };
		296410621C71DE9E0025DEB0 /* SystemConfiguration.framework */ = {isa = PBXFileReference; lastKnownFileType = wrapper.framework; name = SystemConfiguration.framework; path = System/Library/Frameworks/SystemConfiguration.framework; sourceTree = SDKROOT; };
		296410641C71DED00025DEB0 /* libz.tbd */ = {isa = PBXFileReference; lastKnownFileType = "sourcecode.text-based-dylib-definition"; name = libz.tbd; path = usr/lib/libz.tbd; sourceTree = SDKROOT; };
		296410661C71DEDA0025DEB0 /* libstdc++.6.0.9.tbd */ = {isa = PBXFileReference; lastKnownFileType = "sourcecode.text-based-dylib-definition"; name = "libstdc++.6.0.9.tbd"; path = "usr/lib/libstdc++.6.0.9.tbd"; sourceTree = SDKROOT; };
		296410681C71DEE40025DEB0 /* libc++.tbd */ = {isa = PBXFileReference; lastKnownFileType = "sourcecode.text-based-dylib-definition"; name = "libc++.tbd"; path = "usr/lib/libc++.tbd"; sourceTree = SDKROOT; };
		2964106A1C71DEEC0025DEB0 /* Security.framework */ = {isa = PBXFileReference; lastKnownFileType = wrapper.framework; name = Security.framework; path = System/Library/Frameworks/Security.framework; sourceTree = SDKROOT; };
/* End PBXFileReference section */

/* Begin PBXFrameworksBuildPhase section */
		29640FF01C6648B50025DEB0 /* Frameworks */ = {
			isa = PBXFrameworksBuildPhase;
			buildActionMask = 2147483647;
			files = (
				2964106B1C71DEEC0025DEB0 /* Security.framework in Frameworks */,
				296410691C71DEE40025DEB0 /* libc++.tbd in Frameworks */,
				296410671C71DEDA0025DEB0 /* libstdc++.6.0.9.tbd in Frameworks */,
				296410651C71DED00025DEB0 /* libz.tbd in Frameworks */,
				296410631C71DE9E0025DEB0 /* SystemConfiguration.framework in Frameworks */,
				296410611C71DE920025DEB0 /* CoreTelephony.framework in Frameworks */,
				2964105F1C71DE890025DEB0 /* CoreLocation.framework in Frameworks */,
				2964105D1C71DE820025DEB0 /* OpenGLES.framework in Frameworks */,
				2964105B1C71DE770025DEB0 /* QuartzCore.framework in Frameworks */,
				296410591C71DE6D0025DEB0 /* CoreGraphics.framework in Frameworks */,
				296410571C71DE640025DEB0 /* Foundation.framework in Frameworks */,
				296410551C71DE5A0025DEB0 /* UIKit.framework in Frameworks */,
				2964104B1C71CF4D0025DEB0 /* AMapSearchKit.framework in Frameworks */,
				2964104D1C71CF4D0025DEB0 /* MAMapKit.framework in Frameworks */,
			);
			runOnlyForDeploymentPostprocessing = 0;
		};
		296410091C6648B50025DEB0 /* Frameworks */ = {
			isa = PBXFrameworksBuildPhase;
			buildActionMask = 2147483647;
			files = (
			);
			runOnlyForDeploymentPostprocessing = 0;
		};
		296410141C6648B50025DEB0 /* Frameworks */ = {
			isa = PBXFrameworksBuildPhase;
			buildActionMask = 2147483647;
			files = (
			);
			runOnlyForDeploymentPostprocessing = 0;
		};
/* End PBXFrameworksBuildPhase section */

/* Begin PBXGroup section */
		291C730D1C746F5B00B2E2A6 /* view */ = {
			isa = PBXGroup;
			children = (
				2941F48C1C8801C0008D2502 /* LLMapView.h */,
				2941F48D1C8801C0008D2502 /* LLMapView.m */,
			);
			name = view;
			sourceTree = "<group>";
		};
		29640FEA1C6648B50025DEB0 = {
			isa = PBXGroup;
			children = (
				296410451C71CABF0025DEB0 /* Farmworke */,
				291C730D1C746F5B00B2E2A6 /* view */,
				29640FF51C6648B50025DEB0 /* tools */,
				2964100F1C6648B50025DEB0 /* toolsTests */,
				2964101A1C6648B50025DEB0 /* toolsUITests */,
				29640FF41C6648B50025DEB0 /* Products */,
			);
			sourceTree = "<group>";
		};
		29640FF41C6648B50025DEB0 /* Products */ = {
			isa = PBXGroup;
			children = (
				29640FF31C6648B50025DEB0 /* tools.app */,
				2964100C1C6648B50025DEB0 /* toolsTests.xctest */,
				296410171C6648B50025DEB0 /* toolsUITests.xctest */,
			);
			name = Products;
			sourceTree = "<group>";
		};
		29640FF51C6648B50025DEB0 /* tools */ = {
			isa = PBXGroup;
			children = (
				29640FF91C6648B50025DEB0 /* AppDelegate.h */,
				29640FFA1C6648B50025DEB0 /* AppDelegate.m */,
				29640FFC1C6648B50025DEB0 /* ViewController.h */,
				29640FFD1C6648B50025DEB0 /* ViewController.m */,
				29640FFF1C6648B50025DEB0 /* Main.storyboard */,
				296410021C6648B50025DEB0 /* Assets.xcassets */,
				296410041C6648B50025DEB0 /* LaunchScreen.storyboard */,
				296410071C6648B50025DEB0 /* Info.plist */,
				296410501C71CFA80025DEB0 /* AMap_iOS_Cloud_API_Data.csv */,
				29640FF61C6648B50025DEB0 /* Supporting Files */,
			);
			path = tools;
			sourceTree = "<group>";
		};
		29640FF61C6648B50025DEB0 /* Supporting Files */ = {
			isa = PBXGroup;
			children = (
				29640FF71C6648B50025DEB0 /* main.m */,
			);
			name = "Supporting Files";
			sourceTree = "<group>";
		};
		2964100F1C6648B50025DEB0 /* toolsTests */ = {
			isa = PBXGroup;
			children = (
				296410101C6648B50025DEB0 /* toolsTests.m */,
				296410121C6648B50025DEB0 /* Info.plist */,
			);
			path = toolsTests;
			sourceTree = "<group>";
		};
		2964101A1C6648B50025DEB0 /* toolsUITests */ = {
			isa = PBXGroup;
			children = (
				2964101B1C6648B50025DEB0 /* toolsUITests.m */,
				2964101D1C6648B50025DEB0 /* Info.plist */,
			);
			path = toolsUITests;
			sourceTree = "<group>";
		};
		296410451C71CABF0025DEB0 /* Farmworke */ = {
			isa = PBXGroup;
			children = (
				2964106A1C71DEEC0025DEB0 /* Security.framework */,
				296410681C71DEE40025DEB0 /* libc++.tbd */,
				296410661C71DEDA0025DEB0 /* libstdc++.6.0.9.tbd */,
				296410641C71DED00025DEB0 /* libz.tbd */,
				296410621C71DE9E0025DEB0 /* SystemConfiguration.framework */,
				296410601C71DE920025DEB0 /* CoreTelephony.framework */,
				2964105E1C71DE890025DEB0 /* CoreLocation.framework */,
				2964105C1C71DE820025DEB0 /* OpenGLES.framework */,
				2964105A1C71DE770025DEB0 /* QuartzCore.framework */,
				296410581C71DE6D0025DEB0 /* CoreGraphics.framework */,
				296410561C71DE640025DEB0 /* Foundation.framework */,
				296410541C71DE5A0025DEB0 /* UIKit.framework */,
				296410521C71DE120025DEB0 /* AMap.bundle */,
				296410471C71CF4D0025DEB0 /* AMapSearchKit.framework */,
				296410491C71CF4D0025DEB0 /* MAMapKit.framework */,
			);
			name = Farmworke;
			sourceTree = "<group>";
		};
/* End PBXGroup section */

/* Begin PBXNativeTarget section */
		29640FF21C6648B50025DEB0 /* tools */ = {
			isa = PBXNativeTarget;
			buildConfigurationList = 296410201C6648B50025DEB0 /* Build configuration list for PBXNativeTarget "tools" */;
			buildPhases = (
				29640FEF1C6648B50025DEB0 /* Sources */,
				29640FF01C6648B50025DEB0 /* Frameworks */,
				29640FF11C6648B50025DEB0 /* Resources */,
			);
			buildRules = (
			);
			dependencies = (
			);
			name = tools;
			productName = tools;
			productReference = 29640FF31C6648B50025DEB0 /* tools.app */;
			productType = "com.apple.product-type.application";
		};
		2964100B1C6648B50025DEB0 /* toolsTests */ = {
			isa = PBXNativeTarget;
			buildConfigurationList = 296410231C6648B50025DEB0 /* Build configuration list for PBXNativeTarget "toolsTests" */;
			buildPhases = (
				296410081C6648B50025DEB0 /* Sources */,
				296410091C6648B50025DEB0 /* Frameworks */,
				2964100A1C6648B50025DEB0 /* Resources */,
			);
			buildRules = (
			);
			dependencies = (
				2964100E1C6648B50025DEB0 /* PBXTargetDependency */,
			);
			name = toolsTests;
			productName = toolsTests;
			productReference = 2964100C1C6648B50025DEB0 /* toolsTests.xctest */;
			productType = "com.apple.product-type.bundle.unit-test";
		};
		296410161C6648B50025DEB0 /* toolsUITests */ = {
			isa = PBXNativeTarget;
			buildConfigurationList = 296410261C6648B50025DEB0 /* Build configuration list for PBXNativeTarget "toolsUITests" */;
			buildPhases = (
				296410131C6648B50025DEB0 /* Sources */,
				296410141C6648B50025DEB0 /* Frameworks */,
				296410151C6648B50025DEB0 /* Resources */,
			);
			buildRules = (
			);
			dependencies = (
				296410191C6648B50025DEB0 /* PBXTargetDependency */,
			);
			name = toolsUITests;
			productName = toolsUITests;
			productReference = 296410171C6648B50025DEB0 /* toolsUITests.xctest */;
			productType = "com.apple.product-type.bundle.ui-testing";
		};
/* End PBXNativeTarget section */

/* Begin PBXProject section */
		29640FEB1C6648B50025DEB0 /* Project object */ = {
			isa = PBXProject;
			attributes = {
				LastUpgradeCheck = 0720;
				ORGANIZATIONNAME = Shawn;
				TargetAttributes = {
					29640FF21C6648B50025DEB0 = {
						CreatedOnToolsVersion = 7.2;
					};
					2964100B1C6648B50025DEB0 = {
						CreatedOnToolsVersion = 7.2;
						TestTargetID = 29640FF21C6648B50025DEB0;
					};
					296410161C6648B50025DEB0 = {
						CreatedOnToolsVersion = 7.2;
						TestTargetID = 29640FF21C6648B50025DEB0;
					};
				};
			};
			buildConfigurationList = 29640FEE1C6648B50025DEB0 /* Build configuration list for PBXProject "tools" */;
			compatibilityVersion = "Xcode 3.2";
			developmentRegion = English;
			hasScannedForEncodings = 0;
			knownRegions = (
				en,
				Base,
			);
			mainGroup = 29640FEA1C6648B50025DEB0;
			productRefGroup = 29640FF41C6648B50025DEB0 /* Products */;
			projectDirPath = "";
			projectRoot = "";
			targets = (
				29640FF21C6648B50025DEB0 /* tools */,
				2964100B1C6648B50025DEB0 /* toolsTests */,
				296410161C6648B50025DEB0 /* toolsUITests */,
			);
		};
/* End PBXProject section */

/* Begin PBXResourcesBuildPhase section */
		29640FF11C6648B50025DEB0 /* Resources */ = {
			isa = PBXResourcesBuildPhase;
			buildActionMask = 2147483647;
			files = (
				296410531C71DE120025DEB0 /* AMap.bundle in Resources */,
				296410061C6648B50025DEB0 /* LaunchScreen.storyboard in Resources */,
				296410031C6648B50025DEB0 /* Assets.xcassets in Resources */,
				296410511C71CFA80025DEB0 /* AMap_iOS_Cloud_API_Data.csv in Resources */,
				296410011C6648B50025DEB0 /* Main.storyboard in Resources */,
			);
			runOnlyForDeploymentPostprocessing = 0;
		};
		2964100A1C6648B50025DEB0 /* Resources */ = {
			isa = PBXResourcesBuildPhase;
			buildActionMask = 2147483647;
			files = (
			);
			runOnlyForDeploymentPostprocessing = 0;
		};
		296410151C6648B50025DEB0 /* Resources */ = {
			isa = PBXResourcesBuildPhase;
			buildActionMask = 2147483647;
			files = (
			);
			runOnlyForDeploymentPostprocessing = 0;
		};
/* End PBXResourcesBuildPhase section */

/* Begin PBXSourcesBuildPhase section */
		29640FEF1C6648B50025DEB0 /* Sources */ = {
			isa = PBXSourcesBuildPhase;
			buildActionMask = 2147483647;
			files = (
				29640FFE1C6648B50025DEB0 /* ViewController.m in Sources */,
				29640FFB1C6648B50025DEB0 /* AppDelegate.m in Sources */,
				2941F48E1C8801C0008D2502 /* LLMapView.m in Sources */,
				29640FF81C6648B50025DEB0 /* main.m in Sources */,
			);
			runOnlyForDeploymentPostprocessing = 0;
		};
		296410081C6648B50025DEB0 /* Sources */ = {
			isa = PBXSourcesBuildPhase;
			buildActionMask = 2147483647;
			files = (
				296410111C6648B50025DEB0 /* toolsTests.m in Sources */,
			);
			runOnlyForDeploymentPostprocessing = 0;
		};
		296410131C6648B50025DEB0 /* Sources */ = {
			isa = PBXSourcesBuildPhase;
			buildActionMask = 2147483647;
			files = (
				2964101C1C6648B50025DEB0 /* toolsUITests.m in Sources */,
			);
			runOnlyForDeploymentPostprocessing = 0;
		};
/* End PBXSourcesBuildPhase section */

/* Begin PBXTargetDependency section */
		2964100E1C6648B50025DEB0 /* PBXTargetDependency */ = {
			isa = PBXTargetDependency;
			target = 29640FF21C6648B50025DEB0 /* tools */;
			targetProxy = 2964100D1C6648B50025DEB0 /* PBXContainerItemProxy */;
		};
		296410191C6648B50025DEB0 /* PBXTargetDependency */ = {
			isa = PBXTargetDependency;
			target = 29640FF21C6648B50025DEB0 /* tools */;
			targetProxy = 296410181C6648B50025DEB0 /* PBXContainerItemProxy */;
		};
/* End PBXTargetDependency section */

/* Begin PBXVariantGroup section */
		29640FFF1C6648B50025DEB0 /* Main.storyboard */ = {
			isa = PBXVariantGroup;
			children = (
				296410001C6648B50025DEB0 /* Base */,
			);
			name = Main.storyboard;
			sourceTree = "<group>";
		};
		296410041C6648B50025DEB0 /* LaunchScreen.storyboard */ = {
			isa = PBXVariantGroup;
			children = (
				296410051C6648B50025DEB0 /* Base */,
			);
			name = LaunchScreen.storyboard;
			sourceTree = "<group>";
		};
/* End PBXVariantGroup section */

/* Begin XCBuildConfiguration section */
		2964101E1C6648B50025DEB0 /* Debug */ = {
			isa = XCBuildConfiguration;
			buildSettings = {
				ALWAYS_SEARCH_USER_PATHS = NO;
				CLANG_CXX_LANGUAGE_STANDARD = "gnu++0x";
				CLANG_CXX_LIBRARY = "libc++";
				CLANG_ENABLE_MODULES = YES;
				CLANG_ENABLE_OBJC_ARC = YES;
				CLANG_WARN_BOOL_CONVERSION = YES;
				CLANG_WARN_CONSTANT_CONVERSION = YES;
				CLANG_WARN_DIRECT_OBJC_ISA_USAGE = YES_ERROR;
				CLANG_WARN_EMPTY_BODY = YES;
				CLANG_WARN_ENUM_CONVERSION = YES;
				CLANG_WARN_INT_CONVERSION = YES;
				CLANG_WARN_OBJC_ROOT_CLASS = YES_ERROR;
				CLANG_WARN_UNREACHABLE_CODE = YES;
				CLANG_WARN__DUPLICATE_METHOD_MATCH = YES;
				"CODE_SIGN_IDENTITY[sdk=iphoneos*]" = "iPhone Developer";
				COPY_PHASE_STRIP = NO;
				DEBUG_INFORMATION_FORMAT = dwarf;
				ENABLE_STRICT_OBJC_MSGSEND = YES;
				ENABLE_TESTABILITY = YES;
				GCC_C_LANGUAGE_STANDARD = gnu99;
				GCC_DYNAMIC_NO_PIC = NO;
				GCC_NO_COMMON_BLOCKS = YES;
				GCC_OPTIMIZATION_LEVEL = 0;
				GCC_PREPROCESSOR_DEFINITIONS = (
					"DEBUG=1",
					"$(inherited)",
				);
				GCC_WARN_64_TO_32_BIT_CONVERSION = YES;
				GCC_WARN_ABOUT_RETURN_TYPE = YES_ERROR;
				GCC_WARN_UNDECLARED_SELECTOR = YES;
				GCC_WARN_UNINITIALIZED_AUTOS = YES_AGGRESSIVE;
				GCC_WARN_UNUSED_FUNCTION = YES;
				GCC_WARN_UNUSED_VARIABLE = YES;
				IPHONEOS_DEPLOYMENT_TARGET = 9.2;
				MTL_ENABLE_DEBUG_INFO = YES;
				ONLY_ACTIVE_ARCH = YES;
				SDKROOT = iphoneos;
				TARGETED_DEVICE_FAMILY = "1,2";
			};
			name = Debug;
		};
		2964101F1C6648B50025DEB0 /* Release */ = {
			isa = XCBuildConfiguration;
			buildSettings = {
				ALWAYS_SEARCH_USER_PATHS = NO;
				CLANG_CXX_LANGUAGE_STANDARD = "gnu++0x";
				CLANG_CXX_LIBRARY = "libc++";
				CLANG_ENABLE_MODULES = YES;
				CLANG_ENABLE_OBJC_ARC = YES;
				CLANG_WARN_BOOL_CONVERSION = YES;
				CLANG_WARN_CONSTANT_CONVERSION = YES;
				CLANG_WARN_DIRECT_OBJC_ISA_USAGE = YES_ERROR;
				CLANG_WARN_EMPTY_BODY = YES;
				CLANG_WARN_ENUM_CONVERSION = YES;
				CLANG_WARN_INT_CONVERSION = YES;
				CLANG_WARN_OBJC_ROOT_CLASS = YES_ERROR;
				CLANG_WARN_UNREACHABLE_CODE = YES;
				CLANG_WARN__DUPLICATE_METHOD_MATCH = YES;
				"CODE_SIGN_IDENTITY[sdk=iphoneos*]" = "iPhone Developer";
				COPY_PHASE_STRIP = NO;
				DEBUG_INFORMATION_FORMAT = "dwarf-with-dsym";
				ENABLE_NS_ASSERTIONS = NO;
				ENABLE_STRICT_OBJC_MSGSEND = YES;
				GCC_C_LANGUAGE_STANDARD = gnu99;
				GCC_NO_COMMON_BLOCKS = YES;
				GCC_WARN_64_TO_32_BIT_CONVERSION = YES;
				GCC_WARN_ABOUT_RETURN_TYPE = YES_ERROR;
				GCC_WARN_UNDECLARED_SELECTOR = YES;
				GCC_WARN_UNINITIALIZED_AUTOS = YES_AGGRESSIVE;
				GCC_WARN_UNUSED_FUNCTION = YES;
				GCC_WARN_UNUSED_VARIABLE = YES;
				IPHONEOS_DEPLOYMENT_TARGET = 9.2;
				MTL_ENABLE_DEBUG_INFO = NO;
				SDKROOT = iphoneos;
				TARGETED_DEVICE_FAMILY = "1,2";
				VALIDATE_PRODUCT = YES;
			};
			name = Release;
		};
		296410211C6648B50025DEB0 /* Debug */ = {
			isa = XCBuildConfiguration;
			buildSettings = {
				ASSETCATALOG_COMPILER_APPICON_NAME = AppIcon;
				FRAMEWORK_SEARCH_PATHS = (
					"$(inherited)",
					"$(PROJECT_DIR)",
					"/Users/shawn/Desktop/TestProject/tools/**",
				);
				INFOPLIST_FILE = tools/Info.plist;
				IPHONEOS_DEPLOYMENT_TARGET = 8.1;
				LD_RUNPATH_SEARCH_PATHS = "$(inherited) @executable_path/Frameworks";
				LIBRARY_SEARCH_PATHS = "\"$(SRCROOT)/\"";
				OTHER_LDFLAGS = "-ObjC";
				PRODUCT_BUNDLE_IDENTIFIER = com.anyixiaoyue.tools;
				PRODUCT_NAME = "$(TARGET_NAME)";
			};
			name = Debug;
		};
		296410221C6648B50025DEB0 /* Release */ = {
			isa = XCBuildConfiguration;
			buildSettings = {
				ASSETCATALOG_COMPILER_APPICON_NAME = AppIcon;
				FRAMEWORK_SEARCH_PATHS = (
					"$(inherited)",
					"$(PROJECT_DIR)",
					"/Users/shawn/Desktop/TestProject/tools/**",
				);
				INFOPLIST_FILE = tools/Info.plist;
				IPHONEOS_DEPLOYMENT_TARGET = 8.1;
				LD_RUNPATH_SEARCH_PATHS = "$(inherited) @executable_path/Frameworks";
				LIBRARY_SEARCH_PATHS = "\"$(SRCROOT)/\"";
				OTHER_LDFLAGS = "-ObjC";
				PRODUCT_BUNDLE_IDENTIFIER = com.anyixiaoyue.tools;
				PRODUCT_NAME = "$(TARGET_NAME)";
			};
			name = Release;
		};
		296410241C6648B50025DEB0 /* Debug */ = {
			isa = XCBuildConfiguration;
			buildSettings = {
				BUNDLE_LOADER = "$(TEST_HOST)";
				INFOPLIST_FILE = toolsTests/Info.plist;
				LD_RUNPATH_SEARCH_PATHS = "$(inherited) @executable_path/Frameworks @loader_path/Frameworks";
				PRODUCT_BUNDLE_IDENTIFIER = com.indoorstar.toolsTests;
				PRODUCT_NAME = "$(TARGET_NAME)";
				TEST_HOST = "$(BUILT_PRODUCTS_DIR)/tools.app/tools";
			};
			name = Debug;
		};
		296410251C6648B50025DEB0 /* Release */ = {
			isa = XCBuildConfiguration;
			buildSettings = {
				BUNDLE_LOADER = "$(TEST_HOST)";
				INFOPLIST_FILE = toolsTests/Info.plist;
				LD_RUNPATH_SEARCH_PATHS = "$(inherited) @executable_path/Frameworks @loader_path/Frameworks";
				PRODUCT_BUNDLE_IDENTIFIER = com.indoorstar.toolsTests;
				PRODUCT_NAME = "$(TARGET_NAME)";
				TEST_HOST = "$(BUILT_PRODUCTS_DIR)/tools.app/tools";
			};
			name = Release;
		};
		296410271C6648B50025DEB0 /* Debug */ = {
			isa = XCBuildConfiguration;
			buildSettings = {
				INFOPLIST_FILE = toolsUITests/Info.plist;
				LD_RUNPATH_SEARCH_PATHS = "$(inherited) @executable_path/Frameworks @loader_path/Frameworks";
				PRODUCT_BUNDLE_IDENTIFIER = com.indoorstar.toolsUITests;
				PRODUCT_NAME = "$(TARGET_NAME)";
				TEST_TARGET_NAME = tools;
				USES_XCTRUNNER = YES;
			};
			name = Debug;
		};
		296410281C6648B50025DEB0 /* Release */ = {
			isa = XCBuildConfiguration;
			buildSettings = {
				INFOPLIST_FILE = toolsUITests/Info.plist;
				LD_RUNPATH_SEARCH_PATHS = "$(inherited) @executable_path/Frameworks @loader_path/Frameworks";
				PRODUCT_BUNDLE_IDENTIFIER = com.indoorstar.toolsUITests;
				PRODUCT_NAME = "$(TARGET_NAME)";
				TEST_TARGET_NAME = tools;
				USES_XCTRUNNER = YES;
			};
			name = Release;
		};
/* End XCBuildConfiguration section */

/* Begin XCConfigurationList section */
		29640FEE1C6648B50025DEB0 /* Build configuration list for PBXProject "tools" */ = {
			isa = XCConfigurationList;
			buildConfigurations = (
				2964101E1C6648B50025DEB0 /* Debug */,
				2964101F1C6648B50025DEB0 /* Release */,
			);
			defaultConfigurationIsVisible = 0;
			defaultConfigurationName = Release;
		};
		296410201C6648B50025DEB0 /* Build configuration list for PBXNativeTarget "tools" */ = {
			isa = XCConfigurationList;
			buildConfigurations = (
				296410211C6648B50025DEB0 /* Debug */,
				296410221C6648B50025DEB0 /* Release */,
			);
			defaultConfigurationIsVisible = 0;
			defaultConfigurationName = Release;
		};
		296410231C6648B50025DEB0 /* Build configuration list for PBXNativeTarget "toolsTests" */ = {
			isa = XCConfigurationList;
			buildConfigurations = (
				296410241C6648B50025DEB0 /* Debug */,
				296410251C6648B50025DEB0 /* Release */,
			);
			defaultConfigurationIsVisible = 0;
			defaultConfigurationName = Release;
		};
		296410261C6648B50025DEB0 /* Build configuration list for PBXNativeTarget "toolsUITests" */ = {
			isa = XCConfigurationList;
			buildConfigurations = (
				296410271C6648B50025DEB0 /* Debug */,
				296410281C6648B50025DEB0 /* Release */,
			);
			defaultConfigurationIsVisible = 0;
			defaultConfigurationName = Release;
		};
/* End XCConfigurationList section */
	};
	rootObject = 29640FEB1C6648B50025DEB0 /* Project object */;
}
